
Microsoft Visual Studio Solution File, Format Version 11.00
# Visual Studio 2010
Project("{2150E333-8FDC-42A3-9474-1A3956D46DE8}") = "Solution Items", "Solution Items", "{202384CE-6CBF-4655-82DD-F1332CC91571}"
	ProjectSection(SolutionItems) = preProject
		Local.testsettings = Local.testsettings
		RTDB.vsmdi = RTDB.vsmdi
		TraceAndTestImpact.testsettings = TraceAndTestImpact.testsettings
	EndProjectSection
EndProject
Project("{FAE04EC0-301F-11D3-BF4B-00C04F79EFBC}") = "RTDB.Common", "RTDB.Common\RTDB.Common.csproj", "{5641C3DA-3ED3-4A18-A46F-4682432DEE48}"
EndProject
Project("{FAE04EC0-301F-11D3-BF4B-00C04F79EFBC}") = "RTDB.EntityFramework", "RTDB.EntityFramework\RTDB.EntityFramework.csproj", "{BAF11229-2AAA-48EC-9FDA-2DD49DBE6DA8}"
EndProject
Project("{FAE04EC0-301F-11D3-BF4B-00C04F79EFBC}") = "RTDB.VariableModel", "RTDB.VariableModel\RTDB.VariableModel.csproj", "{DF863521-F414-45FA-AD64-F9D89EB46C3F}"
EndProject
Project("{FAE04EC0-301F-11D3-BF4B-00C04F79EFBC}") = "FunctionTestProject", "FunctionTestProject\FunctionTestProject.csproj", "{A32B3346-F860-4525-9FDD-C5BF704475CE}"
EndProject
Global
	GlobalSection(TestCaseManagementSettings) = postSolution
		CategoryFile = RTDB.vsmdi
	EndGlobalSection
	GlobalSection(SolutionConfigurationPlatforms) = preSolution
		Debug|Any CPU = Debug|Any CPU
		Debug|Mixed Platforms = Debug|Mixed Platforms
		Debug|x86 = Debug|x86
		Release|Any CPU = Release|Any CPU
		Release|Mixed Platforms = Release|Mixed Platforms
		Release|x86 = Release|x86
	EndGlobalSection
	GlobalSection(ProjectConfigurationPlatforms) = postSolution
		{5641C3DA-3ED3-4A18-A46F-4682432DEE48}.Debug|Any CPU.ActiveCfg = Debug|Any CPU
		{5641C3DA-3ED3-4A18-A46F-4682432DEE48}.Debug|Any CPU.Build.0 = Debug|Any CPU
		{5641C3DA-3ED3-4A18-A46F-4682432DEE48}.Debug|Mixed Platforms.ActiveCfg = Debug|Any CPU
		{5641C3DA-3ED3-4A18-A46F-4682432DEE48}.Debug|Mixed Platforms.Build.0 = Debug|Any CPU
		{5641C3DA-3ED3-4A18-A46F-4682432DEE48}.Debug|x86.ActiveCfg = Debug|Any CPU
		{5641C3DA-3ED3-4A18-A46F-4682432DEE48}.Release|Any CPU.ActiveCfg = Release|Any CPU
		{5641C3DA-3ED3-4A18-A46F-4682432DEE48}.Release|Any CPU.Build.0 = Release|Any CPU
		{5641C3DA-3ED3-4A18-A46F-4682432DEE48}.Release|Mixed Platforms.ActiveCfg = Release|Any CPU
		{5641C3DA-3ED3-4A18-A46F-4682432DEE48}.Release|Mixed Platforms.Build.0 = Release|Any CPU
		{5641C3DA-3ED3-4A18-A46F-4682432DEE48}.Release|x86.ActiveCfg = Release|Any CPU
		{BAF11229-2AAA-48EC-9FDA-2DD49DBE6DA8}.Debug|Any CPU.ActiveCfg = Debug|Any CPU
		{BAF11229-2AAA-48EC-9FDA-2DD49DBE6DA8}.Debug|Any CPU.Build.0 = Debug|Any CPU
		{BAF11229-2AAA-48EC-9FDA-2DD49DBE6DA8}.Debug|Mixed Platforms.ActiveCfg = Debug|Any CPU
		{BAF11229-2AAA-48EC-9FDA-2DD49DBE6DA8}.Debug|Mixed Platforms.Build.0 = Debug|Any CPU
		{BAF11229-2AAA-48EC-9FDA-2DD49DBE6DA8}.Debug|x86.ActiveCfg = Debug|Any CPU
		{BAF11229-2AAA-48EC-9FDA-2DD49DBE6DA8}.Release|Any CPU.ActiveCfg = Release|Any CPU
		{BAF11229-2AAA-48EC-9FDA-2DD49DBE6DA8}.Release|Any CPU.Build.0 = Release|Any CPU
		{BAF11229-2AAA-48EC-9FDA-2DD49DBE6DA8}.Release|Mixed Platforms.ActiveCfg = Release|Any CPU
		{BAF11229-2AAA-48EC-9FDA-2DD49DBE6DA8}.Release|Mixed Platforms.Build.0 = Release|Any CPU
		{BAF11229-2AAA-48EC-9FDA-2DD49DBE6DA8}.Release|x86.ActiveCfg = Release|Any CPU
		{DF863521-F414-45FA-AD64-F9D89EB46C3F}.Debug|Any CPU.ActiveCfg = Debug|Any CPU
		{DF863521-F414-45FA-AD64-F9D89EB46C3F}.Debug|Any CPU.Build.0 = Debug|Any CPU
		{DF863521-F414-45FA-AD64-F9D89EB46C3F}.Debug|Mixed Platforms.ActiveCfg = Debug|Any CPU
		{DF863521-F414-45FA-AD64-F9D89EB46C3F}.Debug|Mixed Platforms.Build.0 = Debug|Any CPU
		{DF863521-F414-45FA-AD64-F9D89EB46C3F}.Debug|x86.ActiveCfg = Debug|Any CPU
		{DF863521-F414-45FA-AD64-F9D89EB46C3F}.Release|Any CPU.ActiveCfg = Release|Any CPU
		{DF863521-F414-45FA-AD64-F9D89EB46C3F}.Release|Any CPU.Build.0 = Release|Any CPU
		{DF863521-F414-45FA-AD64-F9D89EB46C3F}.Release|Mixed Platforms.ActiveCfg = Release|Any CPU
		{DF863521-F414-45FA-AD64-F9D89EB46C3F}.Release|Mixed Platforms.Build.0 = Release|Any CPU
		{DF863521-F414-45FA-AD64-F9D89EB46C3F}.Release|x86.ActiveCfg = Release|Any CPU
		{A32B3346-F860-4525-9FDD-C5BF704475CE}.Debug|Any CPU.ActiveCfg = Debug|x86
		{A32B3346-F860-4525-9FDD-C5BF704475CE}.Debug|Mixed Platforms.ActiveCfg = Debug|x86
		{A32B3346-F860-4525-9FDD-C5BF704475CE}.Debug|Mixed Platforms.Build.0 = Debug|x86
		{A32B3346-F860-4525-9FDD-C5BF704475CE}.Debug|x86.ActiveCfg = Debug|x86
		{A32B3346-F860-4525-9FDD-C5BF704475CE}.Debug|x86.Build.0 = Debug|x86
		{A32B3346-F860-4525-9FDD-C5BF704475CE}.Release|Any CPU.ActiveCfg = Release|x86
		{A32B3346-F860-4525-9FDD-C5BF704475CE}.Release|Mixed Platforms.ActiveCfg = Release|x86
		{A32B3346-F860-4525-9FDD-C5BF704475CE}.Release|Mixed Platforms.Build.0 = Release|x86
		{A32B3346-F860-4525-9FDD-C5BF704475CE}.Release|x86.ActiveCfg = Release|x86
		{A32B3346-F860-4525-9FDD-C5BF704475CE}.Release|x86.Build.0 = Release|x86
	EndGlobalSection
	GlobalSection(SolutionProperties) = preSolution
		HideSolutionNode = FALSE
	EndGlobalSection
EndGlobal
