
Microsoft Visual Studio Solution File, Format Version 11.00
# Visual Studio 2010
Project("{FAE04EC0-301F-11D3-BF4B-00C04F79EFBC}") = "SCADA.RTDB.Repository", "RTDB.Common\SCADA.RTDB.Repository.csproj", "{5641C3DA-3ED3-4A18-A46F-4682432DEE48}"
	ProjectSection(ProjectDependencies) = postProject
		{DF863521-F414-45FA-AD64-F9D89EB46C3F} = {DF863521-F414-45FA-AD64-F9D89EB46C3F}
	EndProjectSection
EndProject
Project("{FAE04EC0-301F-11D3-BF4B-00C04F79EFBC}") = "SCADA.RTDB.EntityFramework", "RTDB.EntityFramework\SCADA.RTDB.EntityFramework.csproj", "{BAF11229-2AAA-48EC-9FDA-2DD49DBE6DA8}"
	ProjectSection(ProjectDependencies) = postProject
		{DF863521-F414-45FA-AD64-F9D89EB46C3F} = {DF863521-F414-45FA-AD64-F9D89EB46C3F}
	EndProjectSection
EndProject
Project("{FAE04EC0-301F-11D3-BF4B-00C04F79EFBC}") = "SCADA.RTDB.VariableModel", "RTDB.VariableModel\SCADA.RTDB.VariableModel.csproj", "{DF863521-F414-45FA-AD64-F9D89EB46C3F}"
EndProject
Project("{FAE04EC0-301F-11D3-BF4B-00C04F79EFBC}") = "FunctionTestProject", "FunctionTestProject\FunctionTestProject.csproj", "{A32B3346-F860-4525-9FDD-C5BF704475CE}"
EndProject
Project("{FAE04EC0-301F-11D3-BF4B-00C04F79EFBC}") = "VariableRepositoryUnitTest", "VariableRepositoryUnitTest\VariableRepositoryUnitTest.csproj", "{10094FDE-C963-4BEB-845E-7F221A4C8811}"
EndProject
Project("{2150E333-8FDC-42A3-9474-1A3956D46DE8}") = "Solution Items", "Solution Items", "{7714D818-D365-43BD-BFA0-658C8897171A}"
	ProjectSection(SolutionItems) = preProject
		Local.testsettings = Local.testsettings
		RTDB1.vsmdi = RTDB1.vsmdi
		TraceAndTestImpact.testsettings = TraceAndTestImpact.testsettings
	EndProjectSection
EndProject
Project("{2150E333-8FDC-42A3-9474-1A3956D46DE8}") = ".nuget", ".nuget", "{F9E1A3FB-7812-40CB-957F-5E61F00A87BC}"
	ProjectSection(SolutionItems) = preProject
		.nuget\NuGet.Config = .nuget\NuGet.Config
		.nuget\NuGet.exe = .nuget\NuGet.exe
		.nuget\NuGet.targets = .nuget\NuGet.targets
	EndProjectSection
EndProject
Global
	GlobalSection(TestCaseManagementSettings) = postSolution
		CategoryFile = RTDB1.vsmdi
	EndGlobalSection
	GlobalSection(SolutionConfigurationPlatforms) = preSolution
		Debug|Any CPU = Debug|Any CPU
		Debug|Mixed Platforms = Debug|Mixed Platforms
		Debug|x86 = Debug|x86
		Release|Any CPU = Release|Any CPU
		Release|Mixed Platforms = Release|Mixed Platforms
		Release|x86 = Release|x86
	EndGlobalSection
	GlobalSection(ProjectConfigurationPlatforms) = postSolution
		{5641C3DA-3ED3-4A18-A46F-4682432DEE48}.Debug|Any CPU.ActiveCfg = Debug|Any CPU
		{5641C3DA-3ED3-4A18-A46F-4682432DEE48}.Debug|Any CPU.Build.0 = Debug|Any CPU
		{5641C3DA-3ED3-4A18-A46F-4682432DEE48}.Debug|Mixed Platforms.ActiveCfg = Debug|Any CPU
		{5641C3DA-3ED3-4A18-A46F-4682432DEE48}.Debug|Mixed Platforms.Build.0 = Debug|Any CPU
		{5641C3DA-3ED3-4A18-A46F-4682432DEE48}.Debug|x86.ActiveCfg = Debug|Any CPU
		{5641C3DA-3ED3-4A18-A46F-4682432DEE48}.Release|Any CPU.ActiveCfg = Release|Any CPU
		{5641C3DA-3ED3-4A18-A46F-4682432DEE48}.Release|Any CPU.Build.0 = Release|Any CPU
		{5641C3DA-3ED3-4A18-A46F-4682432DEE48}.Release|Mixed Platforms.ActiveCfg = Release|Any CPU
		{5641C3DA-3ED3-4A18-A46F-4682432DEE48}.Release|Mixed Platforms.Build.0 = Release|Any CPU
		{5641C3DA-3ED3-4A18-A46F-4682432DEE48}.Release|x86.ActiveCfg = Release|Any CPU
		{BAF11229-2AAA-48EC-9FDA-2DD49DBE6DA8}.Debug|Any CPU.ActiveCfg = Debug|Any CPU
		{BAF11229-2AAA-48EC-9FDA-2DD49DBE6DA8}.Debug|Any CPU.Build.0 = Debug|Any CPU
		{BAF11229-2AAA-48EC-9FDA-2DD49DBE6DA8}.Debug|Mixed Platforms.ActiveCfg = Debug|Any CPU
		{BAF11229-2AAA-48EC-9FDA-2DD49DBE6DA8}.Debug|Mixed Platforms.Build.0 = Debug|Any CPU
		{BAF11229-2AAA-48EC-9FDA-2DD49DBE6DA8}.Debug|x86.ActiveCfg = Debug|Any CPU
		{BAF11229-2AAA-48EC-9FDA-2DD49DBE6DA8}.Release|Any CPU.ActiveCfg = Release|Any CPU
		{BAF11229-2AAA-48EC-9FDA-2DD49DBE6DA8}.Release|Any CPU.Build.0 = Release|Any CPU
		{BAF11229-2AAA-48EC-9FDA-2DD49DBE6DA8}.Release|Mixed Platforms.ActiveCfg = Release|Any CPU
		{BAF11229-2AAA-48EC-9FDA-2DD49DBE6DA8}.Release|Mixed Platforms.Build.0 = Release|Any CPU
		{BAF11229-2AAA-48EC-9FDA-2DD49DBE6DA8}.Release|x86.ActiveCfg = Release|Any CPU
		{DF863521-F414-45FA-AD64-F9D89EB46C3F}.Debug|Any CPU.ActiveCfg = Debug|Any CPU
		{DF863521-F414-45FA-AD64-F9D89EB46C3F}.Debug|Any CPU.Build.0 = Debug|Any CPU
		{DF863521-F414-45FA-AD64-F9D89EB46C3F}.Debug|Mixed Platforms.ActiveCfg = Debug|Any CPU
		{DF863521-F414-45FA-AD64-F9D89EB46C3F}.Debug|Mixed Platforms.Build.0 = Debug|Any CPU
		{DF863521-F414-45FA-AD64-F9D89EB46C3F}.Debug|x86.ActiveCfg = Debug|Any CPU
		{DF863521-F414-45FA-AD64-F9D89EB46C3F}.Release|Any CPU.ActiveCfg = Release|Any CPU
		{DF863521-F414-45FA-AD64-F9D89EB46C3F}.Release|Any CPU.Build.0 = Release|Any CPU
		{DF863521-F414-45FA-AD64-F9D89EB46C3F}.Release|Mixed Platforms.ActiveCfg = Release|Any CPU
		{DF863521-F414-45FA-AD64-F9D89EB46C3F}.Release|Mixed Platforms.Build.0 = Release|Any CPU
		{DF863521-F414-45FA-AD64-F9D89EB46C3F}.Release|x86.ActiveCfg = Release|Any CPU
		{A32B3346-F860-4525-9FDD-C5BF704475CE}.Debug|Any CPU.ActiveCfg = Debug|x86
		{A32B3346-F860-4525-9FDD-C5BF704475CE}.Debug|Mixed Platforms.ActiveCfg = Debug|x86
		{A32B3346-F860-4525-9FDD-C5BF704475CE}.Debug|Mixed Platforms.Build.0 = Debug|x86
		{A32B3346-F860-4525-9FDD-C5BF704475CE}.Debug|x86.ActiveCfg = Debug|x86
		{A32B3346-F860-4525-9FDD-C5BF704475CE}.Debug|x86.Build.0 = Debug|x86
		{A32B3346-F860-4525-9FDD-C5BF704475CE}.Release|Any CPU.ActiveCfg = Release|x86
		{A32B3346-F860-4525-9FDD-C5BF704475CE}.Release|Mixed Platforms.ActiveCfg = Release|x86
		{A32B3346-F860-4525-9FDD-C5BF704475CE}.Release|Mixed Platforms.Build.0 = Release|x86
		{A32B3346-F860-4525-9FDD-C5BF704475CE}.Release|x86.ActiveCfg = Release|x86
		{A32B3346-F860-4525-9FDD-C5BF704475CE}.Release|x86.Build.0 = Release|x86
		{10094FDE-C963-4BEB-845E-7F221A4C8811}.Debug|Any CPU.ActiveCfg = Debug|Any CPU
		{10094FDE-C963-4BEB-845E-7F221A4C8811}.Debug|Any CPU.Build.0 = Debug|Any CPU
		{10094FDE-C963-4BEB-845E-7F221A4C8811}.Debug|Mixed Platforms.ActiveCfg = Debug|Any CPU
		{10094FDE-C963-4BEB-845E-7F221A4C8811}.Debug|Mixed Platforms.Build.0 = Debug|Any CPU
		{10094FDE-C963-4BEB-845E-7F221A4C8811}.Debug|x86.ActiveCfg = Debug|Any CPU
		{10094FDE-C963-4BEB-845E-7F221A4C8811}.Release|Any CPU.ActiveCfg = Release|Any CPU
		{10094FDE-C963-4BEB-845E-7F221A4C8811}.Release|Any CPU.Build.0 = Release|Any CPU
		{10094FDE-C963-4BEB-845E-7F221A4C8811}.Release|Mixed Platforms.ActiveCfg = Release|Any CPU
		{10094FDE-C963-4BEB-845E-7F221A4C8811}.Release|Mixed Platforms.Build.0 = Release|Any CPU
		{10094FDE-C963-4BEB-845E-7F221A4C8811}.Release|x86.ActiveCfg = Release|Any CPU
	EndGlobalSection
	GlobalSection(SolutionProperties) = preSolution
		HideSolutionNode = FALSE
	EndGlobalSection
EndGlobal
